
Microsoft Visual Studio Solution File, Format Version 12.00
# Visual Studio Version 16
VisualStudioVersion = 16.0.30907.101
MinimumVisualStudioVersion = 10.0.40219.1
Project("{FAE04EC0-301F-11D3-BF4B-00C04F79EFBC}") = "FlatBase", "FlatBase.csproj", "{C3DEA67B-97A6-4C03-9CD2-EACD5A74B417}"
EndProject
Project("{FAE04EC0-301F-11D3-BF4B-00C04F79EFBC}") = "DefaultPlugins", "..\DefaultPlugins\DefaultPlugins.csproj", "{17DF4DC3-8241-4458-BD3A-D3B781C469EB}"
EndProject
Project("{FAE04EC0-301F-11D3-BF4B-00C04F79EFBC}") = "TrelloPlugin", "..\TrelloPlugin\TrelloPlugin.csproj", "{973CF6A2-64DA-41EE-9B47-FC1ABAC6E1E2}"
EndProject
Global
	GlobalSection(SolutionConfigurationPlatforms) = preSolution
		Debug|Any CPU = Debug|Any CPU
		Release|Any CPU = Release|Any CPU
	EndGlobalSection
	GlobalSection(ProjectConfigurationPlatforms) = postSolution
		{C3DEA67B-97A6-4C03-9CD2-EACD5A74B417}.Debug|Any CPU.ActiveCfg = Debug|Any CPU
		{C3DEA67B-97A6-4C03-9CD2-EACD5A74B417}.Debug|Any CPU.Build.0 = Debug|Any CPU
		{C3DEA67B-97A6-4C03-9CD2-EACD5A74B417}.Release|Any CPU.ActiveCfg = Release|Any CPU
		{C3DEA67B-97A6-4C03-9CD2-EACD5A74B417}.Release|Any CPU.Build.0 = Release|Any CPU
		{17DF4DC3-8241-4458-BD3A-D3B781C469EB}.Debug|Any CPU.ActiveCfg = Debug|Any CPU
		{17DF4DC3-8241-4458-BD3A-D3B781C469EB}.Debug|Any CPU.Build.0 = Debug|Any CPU
		{17DF4DC3-8241-4458-BD3A-D3B781C469EB}.Release|Any CPU.ActiveCfg = Release|Any CPU
		{17DF4DC3-8241-4458-BD3A-D3B781C469EB}.Release|Any CPU.Build.0 = Release|Any CPU
		{973CF6A2-64DA-41EE-9B47-FC1ABAC6E1E2}.Debug|Any CPU.ActiveCfg = Debug|Any CPU
		{973CF6A2-64DA-41EE-9B47-FC1ABAC6E1E2}.Debug|Any CPU.Build.0 = Debug|Any CPU
		{973CF6A2-64DA-41EE-9B47-FC1ABAC6E1E2}.Release|Any CPU.ActiveCfg = Release|Any CPU
		{973CF6A2-64DA-41EE-9B47-FC1ABAC6E1E2}.Release|Any CPU.Build.0 = Release|Any CPU
	EndGlobalSection
	GlobalSection(SolutionProperties) = preSolution
		HideSolutionNode = FALSE
	EndGlobalSection
	GlobalSection(ExtensibilityGlobals) = postSolution
		SolutionGuid = {04098A30-3B84-4107-95D4-535CA01B411F}
	EndGlobalSection
EndGlobal
